
Microsoft Visual Studio Solution File, Format Version 12.00
# Visual Studio Version 16
VisualStudioVersion = 16.0.30104.148
MinimumVisualStudioVersion = 10.0.40219.1
Project("{FAE04EC0-301F-11D3-BF4B-00C04F79EFBC}") = "GumFitness", "GumFitness\GumFitness.csproj", "{550B939C-5A0E-4EE4-90FC-0D5E44F42255}"
EndProject
Global
	GlobalSection(SolutionConfigurationPlatforms) = preSolution
		Debug|Any CPU = Debug|Any CPU
		Release|Any CPU = Release|Any CPU
	EndGlobalSection
	GlobalSection(ProjectConfigurationPlatforms) = postSolution
		{550B939C-5A0E-4EE4-90FC-0D5E44F42255}.Debug|Any CPU.ActiveCfg = Debug|Any CPU
		{550B939C-5A0E-4EE4-90FC-0D5E44F42255}.Debug|Any CPU.Build.0 = Debug|Any CPU
		{550B939C-5A0E-4EE4-90FC-0D5E44F42255}.Release|Any CPU.ActiveCfg = Release|Any CPU
		{550B939C-5A0E-4EE4-90FC-0D5E44F42255}.Release|Any CPU.Build.0 = Release|Any CPU
	EndGlobalSection
	GlobalSection(SolutionProperties) = preSolution
		HideSolutionNode = FALSE
	EndGlobalSection
	GlobalSection(ExtensibilityGlobals) = postSolution
		SolutionGuid = {F2755C82-23D9-4FAA-A16A-C8B9195EEDBA}
	EndGlobalSection
EndGlobal
